
Microsoft Visual Studio Solution File, Format Version 12.00
# Visual Studio 15
VisualStudioVersion = 15.0.28307.421
MinimumVisualStudioVersion = 10.0.40219.1
Project("{FAE04EC0-301F-11D3-BF4B-00C04F79EFBC}") = "App.Android", "App\App.Android\App.Android.csproj", "{07AF374C-5570-4E73-9EFE-12D91A507AEB}"
EndProject
Project("{FAE04EC0-301F-11D3-BF4B-00C04F79EFBC}") = "App.iOS", "App\App.iOS\App.iOS.csproj", "{3645006D-AC68-41FD-B323-56D7800D0EB7}"
EndProject
Project("{FAE04EC0-301F-11D3-BF4B-00C04F79EFBC}") = "App", "App\App\App.csproj", "{C58D6DE8-AD20-47D5-B0B3-DE47EF93B0AD}"
EndProject
Global
	GlobalSection(SolutionConfigurationPlatforms) = preSolution
		Ad-Hoc|Any CPU = Ad-Hoc|Any CPU
		Ad-Hoc|iPhone = Ad-Hoc|iPhone
		Ad-Hoc|iPhoneSimulator = Ad-Hoc|iPhoneSimulator
		AppStore|Any CPU = AppStore|Any CPU
		AppStore|iPhone = AppStore|iPhone
		AppStore|iPhoneSimulator = AppStore|iPhoneSimulator
		Debug|Any CPU = Debug|Any CPU
		Debug|iPhone = Debug|iPhone
		Debug|iPhoneSimulator = Debug|iPhoneSimulator
		Release|Any CPU = Release|Any CPU
		Release|iPhone = Release|iPhone
		Release|iPhoneSimulator = Release|iPhoneSimulator
	EndGlobalSection
	GlobalSection(ProjectConfigurationPlatforms) = postSolution
		{07AF374C-5570-4E73-9EFE-12D91A507AEB}.Ad-Hoc|Any CPU.ActiveCfg = Release|Any CPU
		{07AF374C-5570-4E73-9EFE-12D91A507AEB}.Ad-Hoc|Any CPU.Build.0 = Release|Any CPU
		{07AF374C-5570-4E73-9EFE-12D91A507AEB}.Ad-Hoc|Any CPU.Deploy.0 = Release|Any CPU
		{07AF374C-5570-4E73-9EFE-12D91A507AEB}.Ad-Hoc|iPhone.ActiveCfg = Release|Any CPU
		{07AF374C-5570-4E73-9EFE-12D91A507AEB}.Ad-Hoc|iPhone.Build.0 = Release|Any CPU
		{07AF374C-5570-4E73-9EFE-12D91A507AEB}.Ad-Hoc|iPhone.Deploy.0 = Release|Any CPU
		{07AF374C-5570-4E73-9EFE-12D91A507AEB}.Ad-Hoc|iPhoneSimulator.ActiveCfg = Release|Any CPU
		{07AF374C-5570-4E73-9EFE-12D91A507AEB}.Ad-Hoc|iPhoneSimulator.Build.0 = Release|Any CPU
		{07AF374C-5570-4E73-9EFE-12D91A507AEB}.Ad-Hoc|iPhoneSimulator.Deploy.0 = Release|Any CPU
		{07AF374C-5570-4E73-9EFE-12D91A507AEB}.AppStore|Any CPU.ActiveCfg = Release|Any CPU
		{07AF374C-5570-4E73-9EFE-12D91A507AEB}.AppStore|Any CPU.Build.0 = Release|Any CPU
		{07AF374C-5570-4E73-9EFE-12D91A507AEB}.AppStore|Any CPU.Deploy.0 = Release|Any CPU
		{07AF374C-5570-4E73-9EFE-12D91A507AEB}.AppStore|iPhone.ActiveCfg = Release|Any CPU
		{07AF374C-5570-4E73-9EFE-12D91A507AEB}.AppStore|iPhone.Build.0 = Release|Any CPU
		{07AF374C-5570-4E73-9EFE-12D91A507AEB}.AppStore|iPhone.Deploy.0 = Release|Any CPU
		{07AF374C-5570-4E73-9EFE-12D91A507AEB}.AppStore|iPhoneSimulator.ActiveCfg = Release|Any CPU
		{07AF374C-5570-4E73-9EFE-12D91A507AEB}.AppStore|iPhoneSimulator.Build.0 = Release|Any CPU
		{07AF374C-5570-4E73-9EFE-12D91A507AEB}.AppStore|iPhoneSimulator.Deploy.0 = Release|Any CPU
		{07AF374C-5570-4E73-9EFE-12D91A507AEB}.Debug|Any CPU.ActiveCfg = Debug|Any CPU
		{07AF374C-5570-4E73-9EFE-12D91A507AEB}.Debug|Any CPU.Build.0 = Debug|Any CPU
		{07AF374C-5570-4E73-9EFE-12D91A507AEB}.Debug|Any CPU.Deploy.0 = Debug|Any CPU
		{07AF374C-5570-4E73-9EFE-12D91A507AEB}.Debug|iPhone.ActiveCfg = Debug|Any CPU
		{07AF374C-5570-4E73-9EFE-12D91A507AEB}.Debug|iPhone.Build.0 = Debug|Any CPU
		{07AF374C-5570-4E73-9EFE-12D91A507AEB}.Debug|iPhone.Deploy.0 = Debug|Any CPU
		{07AF374C-5570-4E73-9EFE-12D91A507AEB}.Debug|iPhoneSimulator.ActiveCfg = Debug|Any CPU
		{07AF374C-5570-4E73-9EFE-12D91A507AEB}.Debug|iPhoneSimulator.Build.0 = Debug|Any CPU
		{07AF374C-5570-4E73-9EFE-12D91A507AEB}.Debug|iPhoneSimulator.Deploy.0 = Debug|Any CPU
		{07AF374C-5570-4E73-9EFE-12D91A507AEB}.Release|Any CPU.ActiveCfg = Release|Any CPU
		{07AF374C-5570-4E73-9EFE-12D91A507AEB}.Release|Any CPU.Build.0 = Release|Any CPU
		{07AF374C-5570-4E73-9EFE-12D91A507AEB}.Release|Any CPU.Deploy.0 = Release|Any CPU
		{07AF374C-5570-4E73-9EFE-12D91A507AEB}.Release|iPhone.ActiveCfg = Release|Any CPU
		{07AF374C-5570-4E73-9EFE-12D91A507AEB}.Release|iPhone.Build.0 = Release|Any CPU
		{07AF374C-5570-4E73-9EFE-12D91A507AEB}.Release|iPhone.Deploy.0 = Release|Any CPU
		{07AF374C-5570-4E73-9EFE-12D91A507AEB}.Release|iPhoneSimulator.ActiveCfg = Release|Any CPU
		{07AF374C-5570-4E73-9EFE-12D91A507AEB}.Release|iPhoneSimulator.Build.0 = Release|Any CPU
		{07AF374C-5570-4E73-9EFE-12D91A507AEB}.Release|iPhoneSimulator.Deploy.0 = Release|Any CPU
		{3645006D-AC68-41FD-B323-56D7800D0EB7}.Ad-Hoc|Any CPU.ActiveCfg = Ad-Hoc|iPhone
		{3645006D-AC68-41FD-B323-56D7800D0EB7}.Ad-Hoc|Any CPU.Build.0 = Ad-Hoc|iPhone
		{3645006D-AC68-41FD-B323-56D7800D0EB7}.Ad-Hoc|Any CPU.Deploy.0 = Ad-Hoc|iPhone
		{3645006D-AC68-41FD-B323-56D7800D0EB7}.Ad-Hoc|iPhone.ActiveCfg = Ad-Hoc|iPhone
		{3645006D-AC68-41FD-B323-56D7800D0EB7}.Ad-Hoc|iPhone.Build.0 = Ad-Hoc|iPhone
		{3645006D-AC68-41FD-B323-56D7800D0EB7}.Ad-Hoc|iPhone.Deploy.0 = Ad-Hoc|iPhone
		{3645006D-AC68-41FD-B323-56D7800D0EB7}.Ad-Hoc|iPhoneSimulator.ActiveCfg = Ad-Hoc|iPhoneSimulator
		{3645006D-AC68-41FD-B323-56D7800D0EB7}.Ad-Hoc|iPhoneSimulator.Build.0 = Ad-Hoc|iPhoneSimulator
		{3645006D-AC68-41FD-B323-56D7800D0EB7}.Ad-Hoc|iPhoneSimulator.Deploy.0 = Ad-Hoc|iPhoneSimulator
		{3645006D-AC68-41FD-B323-56D7800D0EB7}.AppStore|Any CPU.ActiveCfg = AppStore|iPhone
		{3645006D-AC68-41FD-B323-56D7800D0EB7}.AppStore|Any CPU.Build.0 = AppStore|iPhone
		{3645006D-AC68-41FD-B323-56D7800D0EB7}.AppStore|Any CPU.Deploy.0 = AppStore|iPhone
		{3645006D-AC68-41FD-B323-56D7800D0EB7}.AppStore|iPhone.ActiveCfg = AppStore|iPhone
		{3645006D-AC68-41FD-B323-56D7800D0EB7}.AppStore|iPhone.Build.0 = AppStore|iPhone
		{3645006D-AC68-41FD-B323-56D7800D0EB7}.AppStore|iPhone.Deploy.0 = AppStore|iPhone
		{3645006D-AC68-41FD-B323-56D7800D0EB7}.AppStore|iPhoneSimulator.ActiveCfg = AppStore|iPhoneSimulator
		{3645006D-AC68-41FD-B323-56D7800D0EB7}.AppStore|iPhoneSimulator.Build.0 = AppStore|iPhoneSimulator
		{3645006D-AC68-41FD-B323-56D7800D0EB7}.AppStore|iPhoneSimulator.Deploy.0 = AppStore|iPhoneSimulator
		{3645006D-AC68-41FD-B323-56D7800D0EB7}.Debug|Any CPU.ActiveCfg = Debug|iPhoneSimulator
		{3645006D-AC68-41FD-B323-56D7800D0EB7}.Debug|Any CPU.Build.0 = Debug|iPhoneSimulator
		{3645006D-AC68-41FD-B323-56D7800D0EB7}.Debug|Any CPU.Deploy.0 = Debug|iPhoneSimulator
		{3645006D-AC68-41FD-B323-56D7800D0EB7}.Debug|iPhone.ActiveCfg = Debug|iPhone
		{3645006D-AC68-41FD-B323-56D7800D0EB7}.Debug|iPhone.Build.0 = Debug|iPhone
		{3645006D-AC68-41FD-B323-56D7800D0EB7}.Debug|iPhone.Deploy.0 = Debug|iPhone
		{3645006D-AC68-41FD-B323-56D7800D0EB7}.Debug|iPhoneSimulator.ActiveCfg = Debug|iPhoneSimulator
		{3645006D-AC68-41FD-B323-56D7800D0EB7}.Debug|iPhoneSimulator.Build.0 = Debug|iPhoneSimulator
		{3645006D-AC68-41FD-B323-56D7800D0EB7}.Debug|iPhoneSimulator.Deploy.0 = Debug|iPhoneSimulator
		{3645006D-AC68-41FD-B323-56D7800D0EB7}.Release|Any CPU.ActiveCfg = Release|iPhone
		{3645006D-AC68-41FD-B323-56D7800D0EB7}.Release|Any CPU.Build.0 = Release|iPhone
		{3645006D-AC68-41FD-B323-56D7800D0EB7}.Release|Any CPU.Deploy.0 = Release|iPhone
		{3645006D-AC68-41FD-B323-56D7800D0EB7}.Release|iPhone.ActiveCfg = Release|iPhone
		{3645006D-AC68-41FD-B323-56D7800D0EB7}.Release|iPhone.Build.0 = Release|iPhone
		{3645006D-AC68-41FD-B323-56D7800D0EB7}.Release|iPhone.Deploy.0 = Release|iPhone
		{3645006D-AC68-41FD-B323-56D7800D0EB7}.Release|iPhoneSimulator.ActiveCfg = Release|iPhoneSimulator
		{3645006D-AC68-41FD-B323-56D7800D0EB7}.Release|iPhoneSimulator.Build.0 = Release|iPhoneSimulator
		{3645006D-AC68-41FD-B323-56D7800D0EB7}.Release|iPhoneSimulator.Deploy.0 = Release|iPhoneSimulator
		{C58D6DE8-AD20-47D5-B0B3-DE47EF93B0AD}.Ad-Hoc|Any CPU.ActiveCfg = Debug|Any CPU
		{C58D6DE8-AD20-47D5-B0B3-DE47EF93B0AD}.Ad-Hoc|Any CPU.Build.0 = Debug|Any CPU
		{C58D6DE8-AD20-47D5-B0B3-DE47EF93B0AD}.Ad-Hoc|Any CPU.Deploy.0 = Debug|Any CPU
		{C58D6DE8-AD20-47D5-B0B3-DE47EF93B0AD}.Ad-Hoc|iPhone.ActiveCfg = Debug|Any CPU
		{C58D6DE8-AD20-47D5-B0B3-DE47EF93B0AD}.Ad-Hoc|iPhone.Build.0 = Debug|Any CPU
		{C58D6DE8-AD20-47D5-B0B3-DE47EF93B0AD}.Ad-Hoc|iPhone.Deploy.0 = Debug|Any CPU
		{C58D6DE8-AD20-47D5-B0B3-DE47EF93B0AD}.Ad-Hoc|iPhoneSimulator.ActiveCfg = Debug|Any CPU
		{C58D6DE8-AD20-47D5-B0B3-DE47EF93B0AD}.Ad-Hoc|iPhoneSimulator.Build.0 = Debug|Any CPU
		{C58D6DE8-AD20-47D5-B0B3-DE47EF93B0AD}.Ad-Hoc|iPhoneSimulator.Deploy.0 = Debug|Any CPU
		{C58D6DE8-AD20-47D5-B0B3-DE47EF93B0AD}.AppStore|Any CPU.ActiveCfg = Debug|Any CPU
		{C58D6DE8-AD20-47D5-B0B3-DE47EF93B0AD}.AppStore|Any CPU.Build.0 = Debug|Any CPU
		{C58D6DE8-AD20-47D5-B0B3-DE47EF93B0AD}.AppStore|Any CPU.Deploy.0 = Debug|Any CPU
		{C58D6DE8-AD20-47D5-B0B3-DE47EF93B0AD}.AppStore|iPhone.ActiveCfg = Debug|Any CPU
		{C58D6DE8-AD20-47D5-B0B3-DE47EF93B0AD}.AppStore|iPhone.Build.0 = Debug|Any CPU
		{C58D6DE8-AD20-47D5-B0B3-DE47EF93B0AD}.AppStore|iPhone.Deploy.0 = Debug|Any CPU
		{C58D6DE8-AD20-47D5-B0B3-DE47EF93B0AD}.AppStore|iPhoneSimulator.ActiveCfg = Debug|Any CPU
		{C58D6DE8-AD20-47D5-B0B3-DE47EF93B0AD}.AppStore|iPhoneSimulator.Build.0 = Debug|Any CPU
		{C58D6DE8-AD20-47D5-B0B3-DE47EF93B0AD}.AppStore|iPhoneSimulator.Deploy.0 = Debug|Any CPU
		{C58D6DE8-AD20-47D5-B0B3-DE47EF93B0AD}.Debug|Any CPU.ActiveCfg = Debug|Any CPU
		{C58D6DE8-AD20-47D5-B0B3-DE47EF93B0AD}.Debug|Any CPU.Build.0 = Debug|Any CPU
		{C58D6DE8-AD20-47D5-B0B3-DE47EF93B0AD}.Debug|Any CPU.Deploy.0 = Debug|Any CPU
		{C58D6DE8-AD20-47D5-B0B3-DE47EF93B0AD}.Debug|iPhone.ActiveCfg = Debug|Any CPU
		{C58D6DE8-AD20-47D5-B0B3-DE47EF93B0AD}.Debug|iPhone.Build.0 = Debug|Any CPU
		{C58D6DE8-AD20-47D5-B0B3-DE47EF93B0AD}.Debug|iPhone.Deploy.0 = Debug|Any CPU
		{C58D6DE8-AD20-47D5-B0B3-DE47EF93B0AD}.Debug|iPhoneSimulator.ActiveCfg = Debug|Any CPU
		{C58D6DE8-AD20-47D5-B0B3-DE47EF93B0AD}.Debug|iPhoneSimulator.Build.0 = Debug|Any CPU
		{C58D6DE8-AD20-47D5-B0B3-DE47EF93B0AD}.Debug|iPhoneSimulator.Deploy.0 = Debug|Any CPU
		{C58D6DE8-AD20-47D5-B0B3-DE47EF93B0AD}.Release|Any CPU.ActiveCfg = Release|Any CPU
		{C58D6DE8-AD20-47D5-B0B3-DE47EF93B0AD}.Release|Any CPU.Build.0 = Release|Any CPU
		{C58D6DE8-AD20-47D5-B0B3-DE47EF93B0AD}.Release|Any CPU.Deploy.0 = Release|Any CPU
		{C58D6DE8-AD20-47D5-B0B3-DE47EF93B0AD}.Release|iPhone.ActiveCfg = Release|Any CPU
		{C58D6DE8-AD20-47D5-B0B3-DE47EF93B0AD}.Release|iPhone.Build.0 = Release|Any CPU
		{C58D6DE8-AD20-47D5-B0B3-DE47EF93B0AD}.Release|iPhone.Deploy.0 = Release|Any CPU
		{C58D6DE8-AD20-47D5-B0B3-DE47EF93B0AD}.Release|iPhoneSimulator.ActiveCfg = Release|Any CPU
		{C58D6DE8-AD20-47D5-B0B3-DE47EF93B0AD}.Release|iPhoneSimulator.Build.0 = Release|Any CPU
		{C58D6DE8-AD20-47D5-B0B3-DE47EF93B0AD}.Release|iPhoneSimulator.Deploy.0 = Release|Any CPU
	EndGlobalSection
	GlobalSection(SolutionProperties) = preSolution
		HideSolutionNode = FALSE
	EndGlobalSection
	GlobalSection(ExtensibilityGlobals) = postSolution
		SolutionGuid = {680AF6B4-5097-4496-BE4A-9230628C88F6}
	EndGlobalSection
EndGlobal
